
Microsoft Visual Studio Solution File, Format Version 12.00
# Visual Studio Version 17
VisualStudioVersion = 17.7.34031.279
MinimumVisualStudioVersion = 10.0.40219.1
Project("{FAE04EC0-301F-11D3-BF4B-00C04F79EFBC}") = "Vistor", "Vistor\Vistor.csproj", "{90E2F10D-69E2-4193-814C-4613441580C0}"
EndProject
Global
	GlobalSection(SolutionConfigurationPlatforms) = preSolution
		Debug|Any CPU = Debug|Any CPU
		Release|Any CPU = Release|Any CPU
	EndGlobalSection
	GlobalSection(ProjectConfigurationPlatforms) = postSolution
		{90E2F10D-69E2-4193-814C-4613441580C0}.Debug|Any CPU.ActiveCfg = Debug|Any CPU
		{90E2F10D-69E2-4193-814C-4613441580C0}.Debug|Any CPU.Build.0 = Debug|Any CPU
		{90E2F10D-69E2-4193-814C-4613441580C0}.Release|Any CPU.ActiveCfg = Release|Any CPU
		{90E2F10D-69E2-4193-814C-4613441580C0}.Release|Any CPU.Build.0 = Release|Any CPU
	EndGlobalSection
	GlobalSection(SolutionProperties) = preSolution
		HideSolutionNode = FALSE
	EndGlobalSection
	GlobalSection(ExtensibilityGlobals) = postSolution
		SolutionGuid = {788245B0-B673-4423-AD7B-54059EB20B2C}
	EndGlobalSection
EndGlobal
